
Microsoft Visual Studio Solution File, Format Version 12.00
# Visual Studio Version 17
VisualStudioVersion = 17.3.32901.215
MinimumVisualStudioVersion = 10.0.40219.1
Project("{6EC3EE1D-3C4E-46DD-8F32-0CC8E7565705}") = "wcp", "wcp\wcp.fsproj", "{2C35AFFF-1B9B-4AA2-8ABE-B7F9B40C2E7E}"
EndProject
Project("{6EC3EE1D-3C4E-46DD-8F32-0CC8E7565705}") = "wcp.test", "wcp.test\wcp.test.fsproj", "{778413DE-25B8-4A45-BAC7-C0077940318C}"
EndProject
Project("{6EC3EE1D-3C4E-46DD-8F32-0CC8E7565705}") = "wcp.console", "wcp.console\wcp.console.fsproj", "{8DC2CCB7-B51C-42C1-8DDB-BAFB468B827D}"
EndProject
Project("{FAE04EC0-301F-11D3-BF4B-00C04F79EFBC}") = "wcp.csharp.exp", "wcp.csharp.exp\wcp.csharp.exp.csproj", "{0D2266F6-AFF7-4845-B91B-744348D45C27}"
EndProject
Global
	GlobalSection(SolutionConfigurationPlatforms) = preSolution
		Debug|Any CPU = Debug|Any CPU
		Release|Any CPU = Release|Any CPU
	EndGlobalSection
	GlobalSection(ProjectConfigurationPlatforms) = postSolution
		{2C35AFFF-1B9B-4AA2-8ABE-B7F9B40C2E7E}.Debug|Any CPU.ActiveCfg = Debug|Any CPU
		{2C35AFFF-1B9B-4AA2-8ABE-B7F9B40C2E7E}.Debug|Any CPU.Build.0 = Debug|Any CPU
		{2C35AFFF-1B9B-4AA2-8ABE-B7F9B40C2E7E}.Release|Any CPU.ActiveCfg = Release|Any CPU
		{2C35AFFF-1B9B-4AA2-8ABE-B7F9B40C2E7E}.Release|Any CPU.Build.0 = Release|Any CPU
		{778413DE-25B8-4A45-BAC7-C0077940318C}.Debug|Any CPU.ActiveCfg = Debug|Any CPU
		{778413DE-25B8-4A45-BAC7-C0077940318C}.Debug|Any CPU.Build.0 = Debug|Any CPU
		{778413DE-25B8-4A45-BAC7-C0077940318C}.Release|Any CPU.ActiveCfg = Release|Any CPU
		{778413DE-25B8-4A45-BAC7-C0077940318C}.Release|Any CPU.Build.0 = Release|Any CPU
		{8DC2CCB7-B51C-42C1-8DDB-BAFB468B827D}.Debug|Any CPU.ActiveCfg = Debug|Any CPU
		{8DC2CCB7-B51C-42C1-8DDB-BAFB468B827D}.Debug|Any CPU.Build.0 = Debug|Any CPU
		{8DC2CCB7-B51C-42C1-8DDB-BAFB468B827D}.Release|Any CPU.ActiveCfg = Release|Any CPU
		{8DC2CCB7-B51C-42C1-8DDB-BAFB468B827D}.Release|Any CPU.Build.0 = Release|Any CPU
		{0D2266F6-AFF7-4845-B91B-744348D45C27}.Debug|Any CPU.ActiveCfg = Debug|Any CPU
		{0D2266F6-AFF7-4845-B91B-744348D45C27}.Debug|Any CPU.Build.0 = Debug|Any CPU
		{0D2266F6-AFF7-4845-B91B-744348D45C27}.Release|Any CPU.ActiveCfg = Release|Any CPU
		{0D2266F6-AFF7-4845-B91B-744348D45C27}.Release|Any CPU.Build.0 = Release|Any CPU
	EndGlobalSection
	GlobalSection(SolutionProperties) = preSolution
		HideSolutionNode = FALSE
	EndGlobalSection
	GlobalSection(ExtensibilityGlobals) = postSolution
		SolutionGuid = {626741A4-E587-4086-9B58-FD00B214CA48}
	EndGlobalSection
EndGlobal
